
Microsoft Visual Studio Solution File, Format Version 12.00
# Visual Studio 15
VisualStudioVersion = 15.0.28307.489
MinimumVisualStudioVersion = 10.0.40219.1
Project("{FAE04EC0-301F-11D3-BF4B-00C04F79EFBC}") = "test.Android", "test\test.Android\test.Android.csproj", "{9B0E184C-EC00-4979-B198-B6C19E7F0EA0}"
EndProject
Project("{9A19103F-16F7-4668-BE54-9A1E7A4F7556}") = "test", "test\test\test.csproj", "{EEDA5EF1-ED32-4CE8-804F-208E587410D2}"
EndProject
Global
	GlobalSection(SolutionConfigurationPlatforms) = preSolution
		Debug|Any CPU = Debug|Any CPU
		Release|Any CPU = Release|Any CPU
	EndGlobalSection
	GlobalSection(ProjectConfigurationPlatforms) = postSolution
		{9B0E184C-EC00-4979-B198-B6C19E7F0EA0}.Debug|Any CPU.ActiveCfg = Debug|Any CPU
		{9B0E184C-EC00-4979-B198-B6C19E7F0EA0}.Debug|Any CPU.Build.0 = Debug|Any CPU
		{9B0E184C-EC00-4979-B198-B6C19E7F0EA0}.Debug|Any CPU.Deploy.0 = Debug|Any CPU
		{9B0E184C-EC00-4979-B198-B6C19E7F0EA0}.Release|Any CPU.ActiveCfg = Release|Any CPU
		{9B0E184C-EC00-4979-B198-B6C19E7F0EA0}.Release|Any CPU.Build.0 = Release|Any CPU
		{9B0E184C-EC00-4979-B198-B6C19E7F0EA0}.Release|Any CPU.Deploy.0 = Release|Any CPU
		{EEDA5EF1-ED32-4CE8-804F-208E587410D2}.Debug|Any CPU.ActiveCfg = Debug|Any CPU
		{EEDA5EF1-ED32-4CE8-804F-208E587410D2}.Debug|Any CPU.Build.0 = Debug|Any CPU
		{EEDA5EF1-ED32-4CE8-804F-208E587410D2}.Debug|Any CPU.Deploy.0 = Debug|Any CPU
		{EEDA5EF1-ED32-4CE8-804F-208E587410D2}.Release|Any CPU.ActiveCfg = Release|Any CPU
		{EEDA5EF1-ED32-4CE8-804F-208E587410D2}.Release|Any CPU.Build.0 = Release|Any CPU
		{EEDA5EF1-ED32-4CE8-804F-208E587410D2}.Release|Any CPU.Deploy.0 = Release|Any CPU
	EndGlobalSection
	GlobalSection(SolutionProperties) = preSolution
		HideSolutionNode = FALSE
	EndGlobalSection
	GlobalSection(ExtensibilityGlobals) = postSolution
		SolutionGuid = {3D5D6612-B6BE-4AB3-9FEE-C4D404912253}
	EndGlobalSection
EndGlobal
